
Microsoft Visual Studio Solution File, Format Version 12.00
# Visual Studio 15
VisualStudioVersion = 15.0.27130.2010
MinimumVisualStudioVersion = 10.0.40219.1
Project("{FAE04EC0-301F-11D3-BF4B-00C04F79EFBC}") = "Vega", "Vega\Vega.csproj", "{B7BD24EF-A296-4671-A558-3848E0426F2E}"
EndProject
Global
	GlobalSection(SolutionConfigurationPlatforms) = preSolution
		Debug|Any CPU = Debug|Any CPU
		Release|Any CPU = Release|Any CPU
	EndGlobalSection
	GlobalSection(ProjectConfigurationPlatforms) = postSolution
		{B7BD24EF-A296-4671-A558-3848E0426F2E}.Debug|Any CPU.ActiveCfg = Debug|Any CPU
		{B7BD24EF-A296-4671-A558-3848E0426F2E}.Debug|Any CPU.Build.0 = Debug|Any CPU
		{B7BD24EF-A296-4671-A558-3848E0426F2E}.Release|Any CPU.ActiveCfg = Release|Any CPU
		{B7BD24EF-A296-4671-A558-3848E0426F2E}.Release|Any CPU.Build.0 = Release|Any CPU
	EndGlobalSection
	GlobalSection(SolutionProperties) = preSolution
		HideSolutionNode = FALSE
	EndGlobalSection
	GlobalSection(ExtensibilityGlobals) = postSolution
		SolutionGuid = {4F3D92FB-0D93-4E48-8D1A-AB83B4732F64}
	EndGlobalSection
EndGlobal
